
Microsoft Visual Studio Solution File, Format Version 12.00
# Visual Studio Version 17
VisualStudioVersion = 17.9.34723.18
MinimumVisualStudioVersion = 10.0.40219.1
Project("{2150E333-8FDC-42A3-9474-1A3956D46DE8}") = "src", "src", "{832F57B1-FC63-40A0-B0AA-2AC829E47800}"
EndProject
Project("{2150E333-8FDC-42A3-9474-1A3956D46DE8}") = "samples", "samples", "{A362CA5C-04AA-4526-8E10-A6F1FC8D70C2}"
EndProject
Project("{9A19103F-16F7-4668-BE54-9A1E7A4F7556}") = "MauiBlazorBridge", "MauiBlazorBridge\MauiBlazorBridge.csproj", "{4F862FA4-92FD-420B-8D11-AF8EDAA3A899}"
EndProject
Project("{9A19103F-16F7-4668-BE54-9A1E7A4F7556}") = "MauiBlazorBridge.Blazor.Sample", "..\sample\MauiBlazorBridge.Blazor.Sample\MauiBlazorBridge.Blazor.Sample.csproj", "{D9FAA93D-6B22-4847-BCD6-75BB377DECE2}"
EndProject
Project("{9A19103F-16F7-4668-BE54-9A1E7A4F7556}") = "MauiBlazorBridge.Blazor.Server.Sample", "..\sample\MauiBlazorBridge.Blazor.Server.Sample\MauiBlazorBridge.Blazor.Server.Sample.csproj", "{D315740F-A396-435E-9662-8778E97FC1F2}"
EndProject
Project("{9A19103F-16F7-4668-BE54-9A1E7A4F7556}") = "MauiBlazorBridge.Maui.Sample", "..\sample\MauiBlazorBridge.Maui.Sample\MauiBlazorBridge.Maui.Sample.csproj", "{9D151334-8EBD-4B85-875C-7E5BE8B8D5F3}"
EndProject
Global
	GlobalSection(SolutionConfigurationPlatforms) = preSolution
		Debug|Any CPU = Debug|Any CPU
		Release|Any CPU = Release|Any CPU
	EndGlobalSection
	GlobalSection(ProjectConfigurationPlatforms) = postSolution
		{4F862FA4-92FD-420B-8D11-AF8EDAA3A899}.Debug|Any CPU.ActiveCfg = Debug|Any CPU
		{4F862FA4-92FD-420B-8D11-AF8EDAA3A899}.Debug|Any CPU.Build.0 = Debug|Any CPU
		{4F862FA4-92FD-420B-8D11-AF8EDAA3A899}.Release|Any CPU.ActiveCfg = Release|Any CPU
		{4F862FA4-92FD-420B-8D11-AF8EDAA3A899}.Release|Any CPU.Build.0 = Release|Any CPU
		{D9FAA93D-6B22-4847-BCD6-75BB377DECE2}.Debug|Any CPU.ActiveCfg = Debug|Any CPU
		{D9FAA93D-6B22-4847-BCD6-75BB377DECE2}.Debug|Any CPU.Build.0 = Debug|Any CPU
		{D9FAA93D-6B22-4847-BCD6-75BB377DECE2}.Release|Any CPU.ActiveCfg = Release|Any CPU
		{D9FAA93D-6B22-4847-BCD6-75BB377DECE2}.Release|Any CPU.Build.0 = Release|Any CPU
		{D315740F-A396-435E-9662-8778E97FC1F2}.Debug|Any CPU.ActiveCfg = Debug|Any CPU
		{D315740F-A396-435E-9662-8778E97FC1F2}.Debug|Any CPU.Build.0 = Debug|Any CPU
		{D315740F-A396-435E-9662-8778E97FC1F2}.Release|Any CPU.ActiveCfg = Release|Any CPU
		{D315740F-A396-435E-9662-8778E97FC1F2}.Release|Any CPU.Build.0 = Release|Any CPU
		{9D151334-8EBD-4B85-875C-7E5BE8B8D5F3}.Debug|Any CPU.ActiveCfg = Debug|Any CPU
		{9D151334-8EBD-4B85-875C-7E5BE8B8D5F3}.Debug|Any CPU.Build.0 = Debug|Any CPU
		{9D151334-8EBD-4B85-875C-7E5BE8B8D5F3}.Debug|Any CPU.Deploy.0 = Debug|Any CPU
		{9D151334-8EBD-4B85-875C-7E5BE8B8D5F3}.Release|Any CPU.ActiveCfg = Release|Any CPU
		{9D151334-8EBD-4B85-875C-7E5BE8B8D5F3}.Release|Any CPU.Build.0 = Release|Any CPU
		{9D151334-8EBD-4B85-875C-7E5BE8B8D5F3}.Release|Any CPU.Deploy.0 = Release|Any CPU
	EndGlobalSection
	GlobalSection(SolutionProperties) = preSolution
		HideSolutionNode = FALSE
	EndGlobalSection
	GlobalSection(NestedProjects) = preSolution
		{4F862FA4-92FD-420B-8D11-AF8EDAA3A899} = {832F57B1-FC63-40A0-B0AA-2AC829E47800}
		{D9FAA93D-6B22-4847-BCD6-75BB377DECE2} = {A362CA5C-04AA-4526-8E10-A6F1FC8D70C2}
		{D315740F-A396-435E-9662-8778E97FC1F2} = {A362CA5C-04AA-4526-8E10-A6F1FC8D70C2}
		{9D151334-8EBD-4B85-875C-7E5BE8B8D5F3} = {A362CA5C-04AA-4526-8E10-A6F1FC8D70C2}
	EndGlobalSection
	GlobalSection(ExtensibilityGlobals) = postSolution
		SolutionGuid = {711805F1-893D-4825-B555-E387F0711458}
	EndGlobalSection
EndGlobal
